
Microsoft Visual Studio Solution File, Format Version 12.00
# Visual Studio Version 17
VisualStudioVersion = 17.8.34322.80
MinimumVisualStudioVersion = 10.0.40219.1
Project("{FAE04EC0-301F-11D3-BF4B-00C04F79EFBC}") = "AADSQL", "AADSQL\AADSQL.csproj", "{00ECB369-F27B-42A0-916B-B885FB6C895E}"
EndProject
Global
	GlobalSection(SolutionConfigurationPlatforms) = preSolution
		Debug|Any CPU = Debug|Any CPU
		Release|Any CPU = Release|Any CPU
	EndGlobalSection
	GlobalSection(ProjectConfigurationPlatforms) = postSolution
		{00ECB369-F27B-42A0-916B-B885FB6C895E}.Debug|Any CPU.ActiveCfg = Debug|Any CPU
		{00ECB369-F27B-42A0-916B-B885FB6C895E}.Debug|Any CPU.Build.0 = Debug|Any CPU
		{00ECB369-F27B-42A0-916B-B885FB6C895E}.Release|Any CPU.ActiveCfg = Release|Any CPU
		{00ECB369-F27B-42A0-916B-B885FB6C895E}.Release|Any CPU.Build.0 = Release|Any CPU
	EndGlobalSection
	GlobalSection(SolutionProperties) = preSolution
		HideSolutionNode = FALSE
	EndGlobalSection
	GlobalSection(ExtensibilityGlobals) = postSolution
		SolutionGuid = {27DDC16C-A7EB-4822-A1B0-1CE0BA57A098}
	EndGlobalSection
EndGlobal
